version = 1
revision = 3
requires-python = ">=3.13"

[[package]]
name = "annotated-doc"
version = "0.0.4"
source = { registry = "https://pypi.org/simple" }
sdist = { url = "https://files.pythonhosted.org/packages/57/ba/046ceea27344560984e26a590f90bc7f4a75b06701f653222458922b558c/annotated_doc-0.0.4.tar.gz", hash = "sha256:fbcda96e87e9c92ad167c2e53839e57503ecfda18804ea28102353485033faa4", size = 7288, upload-time = "2025-11-10T22:07:42.062Z" }
wheels = [
    { url = "https://files.pythonhosted.org/packages/1e/d3/26bf1008eb3d2daa8ef4cacc7f3bfdc11818d111f7e2d0201bc6e3b49d45/annotated_doc-0.0.4-py3-none-any.whl", hash = "sha256:571ac1dc6991c450b25a9c2d84a3705e2ae7a53467b5d111c24fa8baabbed320", size = 5303, upload-time = "2025-11-10T22:07:40.673Z" },
]

[[package]]
name = "arabic-reshaper"
version = "3.0.1"
source = { registry = "https://pypi.org/simple" }
sdist = { url = "https://files.pythonhosted.org/packages/f2/6c/6be41c689bd2f6e9274c77bf45be820e41ff1ecb9ab0a1d23964b6d04606/arabic_reshaper-3.0.1.tar.gz", hash = "sha256:a0d9b2a9fa29b5f2c1d705f407adf6ca4242405b9cac0e5cc09e6c4f3f8fb68c", size = 42829, upload-time = "2026-04-28T13:53:17.447Z" }
wheels = [
    { url = "https://files.pythonhosted.org/packages/6e/7d/77752d819ede528c664ecf4de974b17b049e054a14537b74b53c8568014f/arabic_reshaper-3.0.1-py3-none-any.whl", hash = "sha256:41c5adc2420f85758eada7e880251c4b6a2adbd83377bd27e5d4eba71f648bc7", size = 20699, upload-time = "2026-04-28T13:53:15.894Z" },
]

[[package]]
name = "colorama"
version = "0.4.6"
source = { registry = "https://pypi.org/simple" }
sdist = { url = "https://files.pythonhosted.org/packages/d8/53/6f443c9a4a8358a93a6792e2acffb9d9d5cb0a5cfd8802644b7b1c9a02e4/colorama-0.4.6.tar.gz", hash = "sha256:08695f5cb7ed6e0531a20572697297273c47b8cae5a63ffc6d6ed5c201be6e44", size = 27697, upload-time = "2022-10-25T02:36:22.414Z" }
wheels = [
    { url = "https://files.pythonhosted.org/packages/d1/d6/3965ed04c63042e047cb6a3e6ed1a63a35087b6a609aa3a15ed8ac56c221/colorama-0.4.6-py2.py3-none-any.whl", hash = "sha256:4f1d9991f5acc0ca119f9d443620b77f9d6b33703e51011c16baf57afb285fc6", size = 25335, upload-time = "2022-10-25T02:36:20.889Z" },
]

[[package]]
name = "markdown-it-py"
version = "4.2.0"
source = { registry = "https://pypi.org/simple" }
dependencies = [
    { name = "mdurl" },
]
sdist = { url = "https://files.pythonhosted.org/packages/06/ff/7841249c247aa650a76b9ee4bbaeae59370dc8bfd2f6c01f3630c35eb134/markdown_it_py-4.2.0.tar.gz", hash = "sha256:04a21681d6fbb623de53f6f364d352309d4094dd4194040a10fd51833e418d49", size = 82454, upload-time = "2026-05-07T12:08:28.36Z" }
wheels = [
    { url = "https://files.pythonhosted.org/packages/b3/81/4da04ced5a082363ecfa159c010d200ecbd959ae410c10c0264a38cac0f5/markdown_it_py-4.2.0-py3-none-any.whl", hash = "sha256:9f7ebbcd14fe59494226453aed97c1070d83f8d24b6fc3a3bcf9a38092641c4a", size = 91687, upload-time = "2026-05-07T12:08:27.182Z" },
]

[[package]]
name = "mdurl"
version = "0.1.2"
source = { registry = "https://pypi.org/simple" }
sdist = { url = "https://files.pythonhosted.org/packages/d6/54/cfe61301667036ec958cb99bd3efefba235e65cdeb9c84d24a8293ba1d90/mdurl-0.1.2.tar.gz", hash = "sha256:bb413d29f5eea38f31dd4754dd7377d4465116fb207585f97bf925588687c1ba", size = 8729, upload-time = "2022-08-14T12:40:10.846Z" }
wheels = [
    { url = "https://files.pythonhosted.org/packages/b3/38/89ba8ad64ae25be8de66a6d463314cf1eb366222074cfda9ee839c56a4b4/mdurl-0.1.2-py3-none-any.whl", hash = "sha256:84008a41e51615a49fc9966191ff91509e3c40b939176e643fd50a5c2196b8f8", size = 9979, upload-time = "2022-08-14T12:40:09.779Z" },
]

[[package]]
name = "pygments"
version = "2.20.0"
source = { registry = "https://pypi.org/simple" }
sdist = { url = "https://files.pythonhosted.org/packages/c3/b2/bc9c9196916376152d655522fdcebac55e66de6603a76a02bca1b6414f6c/pygments-2.20.0.tar.gz", hash = "sha256:6757cd03768053ff99f3039c1a36d6c0aa0b263438fcab17520b30a303a82b5f", size = 4955991, upload-time = "2026-03-29T13:29:33.898Z" }
wheels = [
    { url = "https://files.pythonhosted.org/packages/f4/7e/a72dd26f3b0f4f2bf1dd8923c85f7ceb43172af56d63c7383eb62b332364/pygments-2.20.0-py3-none-any.whl", hash = "sha256:81a9e26dd42fd28a23a2d169d86d7ac03b46e2f8b59ed4698fb4785f946d0176", size = 1231151, upload-time = "2026-03-29T13:29:30.038Z" },
]

[[package]]
name = "python-bidi"
version = "0.6.11"
source = { registry = "https://pypi.org/simple" }
sdist = { url = "https://files.pythonhosted.org/packages/ce/e7/f168f2c3151aa05b9f9c9b2f7767bc8e06a133ea822c231ab497d4f36833/python_bidi-0.6.11.tar.gz", hash = "sha256:034090c597af250d699299d7e7f1e83eb016f9e47b3b707bd89ab2bdec77bce0", size = 57647, upload-time = "2026-06-30T14:23:42.626Z" }
wheels = [
    { url = "https://files.pythonhosted.org/packages/c4/13/38f195e9d9a144747a2ca5ed6ec922df50534e6bacb2188a27154c9f9400/python_bidi-0.6.11-cp313-cp313-macosx_10_12_x86_64.whl", hash = "sha256:1b41cc6bc9ad78a12da5f987da15e931c771f18ceca58f2fe8ed50f253490a97", size = 266692, upload-time = "2026-06-30T14:22:44.497Z" },
    { url = "https://files.pythonhosted.org/packages/a6/a0/4a29e0bfa45038edeeac9397c0c91aee674efbbaa962f0c32c17aaf1a2c4/python_bidi-0.6.11-cp313-cp313-macosx_11_0_arm64.whl", hash = "sha256:4d00757ef7bbbf14d8628f9bdb6b0e168d5e7b03fec20da3226624f11bffce89", size = 264510, upload-time = "2026-06-30T14:22:34.029Z" },
    { url = "https://files.pythonhosted.org/packages/6c/12/0c599f95cfd3433bb773dba3624fb0f00e74ee4d9f7c0c0455d935cf938d/python_bidi-0.6.11-cp313-cp313-manylinux_2_17_aarch64.manylinux2014_aarch64.whl", hash = "sha256:302f4ca7dabfe447e707d40e98520551181036c15750bdd1e73292ad8b3d8e75", size = 291878, upload-time = "2026-06-30T14:21:31.721Z" },
    { url = "https://files.pythonhosted.org/packages/78/7d/ca9f710b5bc279decae719041795a0ab2fbc02f85a5231cf2e3f4195ed1f/python_bidi-0.6.11-cp313-cp313-manylinux_2_17_armv7l.manylinux2014_armv7l.whl", hash = "sha256:721697187f4da67dafc26f63488f463fa35ff2de8668d959fda773cccdbef0eb", size = 297428, upload-time = "2026-06-30T14:21:42.745Z" },
    { url = "https://files.pythonhosted.org/packages/0c/0c/626a2fde3ba831ace3e092544617974dfb99d3a225cf7445987b1fd68b3e/python_bidi-0.6.11-cp313-cp313-manylinux_2_17_ppc64le.manylinux2014_ppc64le.whl", hash = "sha256:3da9e536546f7c62c0da595c8f71a096e0b9a80e94cfd0f329b7b200ef81e7d5", size = 414583, upload-time = "2026-06-30T14:21:53.006Z" },
    { url = "https://files.pythonhosted.org/packages/0d/93/23daba3a074f3b181fbeeef559735cd21ab55a8bad46934ed311696812b5/python_bidi-0.6.11-cp313-cp313-manylinux_2_17_s390x.manylinux2014_s390x.whl", hash = "sha256:d52ec8ccdc2fd5c61749d876a9d1eb0ea6543c1676722e1e3fb9d7800852131c", size = 318441, upload-time = "2026-06-30T14:22:03.41Z" },
    { url = "https://files.pythonhosted.org/packages/66/60/569132a43fff4e52abbdd640b76b761a773c1c1b07f5bf3576be5049e8da/python_bidi-0.6.11-cp313-cp313-manylinux_2_17_x86_64.manylinux2014_x86_64.whl", hash = "sha256:74457b43db34f984252e915828b5d1a4042a771f44e853a5643506d01562eccb", size = 295716, upload-time = "2026-06-30T14:22:24.117Z" },
    { url = "https://files.pythonhosted.org/packages/7c/cd/a7ffa9ae8dd1903f3c17a9a2af6c531c92c3f7f7789f5c304ef77f94bd06/python_bidi-0.6.11-cp313-cp313-manylinux_2_5_i686.manylinux1_i686.whl", hash = "sha256:397f7f289eba6ce25d99dbea99f873d699bf9aa030074e7fb746d8f93c2fb6f9", size = 313112, upload-time = "2026-06-30T14:22:13.691Z" },
    { url = "https://files.pythonhosted.org/packages/dd/e0/f252c15167d7b175e37514cf7d52cab3a244bfb0b64a5973c9ce6b33e191/python_bidi-0.6.11-cp313-cp313-musllinux_1_2_aarch64.whl", hash = "sha256:946b7dbec4e64017680f1a66b3a8534659d889018ac83bd2abf958278e6f62b0", size = 468245, upload-time = "2026-06-30T14:22:56.534Z" },
    { url = "https://files.pythonhosted.org/packages/f9/06/7404eac40f2be2148cd0497251438e7690f553c5a09916d13d9803f8d32b/python_bidi-0.6.11-cp313-cp313-musllinux_1_2_armv7l.whl", hash = "sha256:380b70d615647646dbe06f7d95dc30b8fdc9b596dbfa1cd3814feb9805c0c8f2", size = 573246, upload-time = "2026-06-30T14:23:08.653Z" },
    { url = "https://files.pythonhosted.org/packages/4c/3e/49ca8310bdad3adedd6265da5c4877368ed528a0095348aa32edd8a0299e/python_bidi-0.6.11-cp313-cp313-musllinux_1_2_i686.whl", hash = "sha256:1ffd728f1f7866ff7399906bbc17ef5cf010b90ce56a1e94937b28a1a4cf5a7d", size = 533495, upload-time = "2026-06-30T14:23:20.695Z" },
    { url = "https://files.pythonhosted.org/packages/53/60/47cea7de2ebad67e30e5154d846f4d6a49347ca0dffcb76136be57a08226/python_bidi-0.6.11-cp313-cp313-musllinux_1_2_x86_64.whl", hash = "sha256:36f23f12d9b1c56ed8d82e11f56c6cba7bc3f614ee73374bc7772bb2270e0966", size = 499825, upload-time = "2026-06-30T14:23:33.846Z" },
    { url = "https://files.pythonhosted.org/packages/58/bb/94c89a185d9c5c6154a72583eff91448f48f5f776567af217326d839d8b3/python_bidi-0.6.11-cp313-cp313-win32.whl", hash = "sha256:79df1099a08e53edb678236d4d76d8de4e3901bafc84ce1788b71f9b96547325", size = 156754, upload-time = "2026-06-30T14:23:56.033Z" },
    { url = "https://files.pythonhosted.org/packages/85/0a/7ac8da3629ca8d93a419f5250c240fc13f7d34b7c04f279c8f9a474a2be9/python_bidi-0.6.11-cp313-cp313-win_amd64.whl", hash = "sha256:f563d20481f7d316adf605bb94d5b7182acecdbc4d431d60473e9b1d526d0210", size = 160888, upload-time = "2026-06-30T14:23:46.872Z" },
    { url = "https://files.pythonhosted.org/packages/1a/dc/8d088a648845e60ee8d3d758251909320d6a51774181d2a3e72e985af0b8/python_bidi-0.6.11-cp314-cp314-macosx_10_12_x86_64.whl", hash = "sha256:5f3e1743b2d43377c4da5d687a03430a27f5769e158a9f75a50b05e7e82f4d21", size = 267877, upload-time = "2026-06-30T14:22:45.785Z" },
    { url = "https://files.pythonhosted.org/packages/ce/53/9c3e47a0579e5a3f168bb18ecfa197d494577ac19a1dd4557ecff99e2870/python_bidi-0.6.11-cp314-cp314-macosx_11_0_arm64.whl", hash = "sha256:6d9ef69c108b31f38e1f281a55fdedad7774bc1e952a45c8c14a18e891eee397", size = 265786, upload-time = "2026-06-30T14:22:35.254Z" },
    { url = "https://files.pythonhosted.org/packages/f6/51/3fc218678ac34a99065e45fdcc0209d2dd5e1f7766132fc4c58989a96d7d/python_bidi-0.6.11-cp314-cp314-manylinux_2_17_aarch64.manylinux2014_aarch64.whl", hash = "sha256:30d543b5baf9fca5ef5ec95647aa07c5e38fc7fa0f18be0c61d1d6c0a1032c6c", size = 293177, upload-time = "2026-06-30T14:21:32.962Z" },
    { url = "https://files.pythonhosted.org/packages/47/71/f359cfa65a6716f23c069d17b6e2b87a8c673f499753c7f9712979096f6a/python_bidi-0.6.11-cp314-cp314-manylinux_2_17_armv7l.manylinux2014_armv7l.whl", hash = "sha256:d14f2d400c75e07d1154299463a3d4d14aa5565b05088b2d9b314ccd9fd6dc3a", size = 297983, upload-time = "2026-06-30T14:21:43.731Z" },
    { url = "https://files.pythonhosted.org/packages/63/76/624bf0155d2b4fc2aa73e1276c22b66545a8d1f7280286c7e4dc443202db/python_bidi-0.6.11-cp314-cp314-manylinux_2_17_ppc64le.manylinux2014_ppc64le.whl", hash = "sha256:a4f4a0cd24c09df748bfdc207b089c00e7af19f3151063f4cd74ac658290186b", size = 418424, upload-time = "2026-06-30T14:21:54.25Z" },
    { url = "https://files.pythonhosted.org/packages/28/cf/4a919e5be87a352ccb48b0ad2c01e2bca5d1f804d927e17df67904af62dd/python_bidi-0.6.11-cp314-cp314-manylinux_2_17_s390x.manylinux2014_s390x.whl", hash = "sha256:2ff75d1befc335cbe85f834e81554a024f94d9b5d1dd75a5bd99af81a1cb783c", size = 319005, upload-time = "2026-06-30T14:22:04.514Z" },
    { url = "https://files.pythonhosted.org/packages/fa/25/2d9a3b0c4982ac60b8bc94b273eb7768cca18e92c5041807058fe81f4485/python_bidi-0.6.11-cp314-cp314-manylinux_2_17_x86_64.manylinux2014_x86_64.whl", hash = "sha256:959335cd3814cb767fb832c5c71cbc838ccd9231a812ef2cb43092a216a91d5b", size = 296830, upload-time = "2026-06-30T14:22:25.187Z" },
    { url = "https://files.pythonhosted.org/packages/61/d9/1798bf13b0e8167fee6a1bd0c2ec374c8d49a6de34a205a1a67bb8d45fb2/python_bidi-0.6.11-cp314-cp314-manylinux_2_5_i686.manylinux1_i686.whl", hash = "sha256:20ab47a4098577fc9a82816c330c89ff597c31ba69c98bc6a1b6a5737b03de05", size = 313852, upload-time = "2026-06-30T14:22:14.793Z" },
    { url = "https://files.pythonhosted.org/packages/25/aa/56a51fed9718e751a93ea3a4b894217a04cfaef0704159b400dee5fa5b4a/python_bidi-0.6.11-cp314-cp314-musllinux_1_2_aarch64.whl", hash = "sha256:60d9bf6c60c022657637f64897e63dc3f5b1c07cb7f0e1ead6150aff5150c5ab", size = 469382, upload-time = "2026-06-30T14:22:57.838Z" },
    { url = "https://files.pythonhosted.org/packages/c5/8b/82979c858cba237355aee8a2a35c317ba412c4bce494e8a51ccb1c9e5321/python_bidi-0.6.11-cp314-cp314-musllinux_1_2_armv7l.whl", hash = "sha256:cd564b8c583eba2d230d02d0467fd840045f08856b6524555cfff7f32af63c72", size = 573783, upload-time = "2026-06-30T14:23:10.012Z" },
    { url = "https://files.pythonhosted.org/packages/0f/55/a88d71d784144283f4e53a9849c4788c8a5fcce56a1690e073c014fa34fe/python_bidi-0.6.11-cp314-cp314-musllinux_1_2_i686.whl", hash = "sha256:fc3b0a6e2460f68de9ab98f71e3098bb21bb984563417ad104dec7ab08ebcadc", size = 534229, upload-time = "2026-06-30T14:23:22.108Z" },
    { url = "https://files.pythonhosted.org/packages/1c/f1/c50692fd2cfccb563fecac7c53af00c141bd9bed09fb9cd626e0d765c53d/python_bidi-0.6.11-cp314-cp314-musllinux_1_2_x86_64.whl", hash = "sha256:3bdb64ee0a74951465cd4a761e1029e73806ff43b2fe5be98643e52da5cabb66", size = 501275, upload-time = "2026-06-30T14:23:35.379Z" },
    { url = "https://files.pythonhosted.org/packages/ad/0f/4a83866615b86572d0854b9623e7c44de51a7d3e21b16880cfeb0fdc1b49/python_bidi-0.6.11-cp314-cp314-win32.whl", hash = "sha256:f237ebb570fd8bbe479b6967374d82b7f0b26f9452c276bdd5f793d83e7062bd", size = 157398, upload-time = "2026-06-30T14:23:57.202Z" },
    { url = "https://files.pythonhosted.org/packages/90/78/bf20f1ab2cafaf744df006691e0f7d292f95f7c01fbaced92f5970ab3f8a/python_bidi-0.6.11-cp314-cp314-win_amd64.whl", hash = "sha256:8fbb6d222b50324fb9d49b6ff0f8566fa97b907a68c00e6622fcf34463104f4a", size = 161347, upload-time = "2026-06-30T14:23:47.921Z" },
    { url = "https://files.pythonhosted.org/packages/4d/da/cabfc8c055b53d845de46a78b641996a8ca2e4b9f7c9667fc8a54e7c9030/python_bidi-0.6.11-cp314-cp314t-macosx_10_12_x86_64.whl", hash = "sha256:43f3e81bdd36f49171b7de6cf471086df503c29555f6f7f035ebe8f8ec1da779", size = 267716, upload-time = "2026-06-30T14:22:46.973Z" },
    { url = "https://files.pythonhosted.org/packages/b7/0e/2839f8671a2201c5e1776e04ac48170e9b8a6c989147fe1b656d19603c7a/python_bidi-0.6.11-cp314-cp314t-macosx_11_0_arm64.whl", hash = "sha256:d7291e13496cb74fc1b71f7f1e3628586afefa531102bb4fa7af9c2d543efc3c", size = 265337, upload-time = "2026-06-30T14:22:36.426Z" },
    { url = "https://files.pythonhosted.org/packages/7c/b8/561bfe22ac7ad3de4017542c4c6c192d0fa83a416ab2e0a66728c898e937/python_bidi-0.6.11-cp314-cp314t-manylinux_2_17_aarch64.manylinux2014_aarch64.whl", hash = "sha256:4ccf1fe9ecb3b02a1a11b103cd2557e2653d82c141b6e2dccec8177e6af5c4bb", size = 292362, upload-time = "2026-06-30T14:21:34.19Z" },
    { url = "https://files.pythonhosted.org/packages/45/ae/2b1159ac11e4516f566d83572481a0ca453abe132a43db4c048931676bfd/python_bidi-0.6.11-cp314-cp314t-manylinux_2_17_armv7l.manylinux2014_armv7l.whl", hash = "sha256:f400a30573774a1e90c0d50d43c35d9c004afcf53de801bbfd259f84ea80f31c", size = 297068, upload-time = "2026-06-30T14:21:44.769Z" },
    { url = "https://files.pythonhosted.org/packages/b6/d1/cf4c90a99d54ac01aeb186335dbf5a9cb89b3afbd5adc0b77b5c6f826134/python_bidi-0.6.11-cp314-cp314t-manylinux_2_17_ppc64le.manylinux2014_ppc64le.whl", hash = "sha256:788c11c84b520ea973992cc95751d56b783ff5857df504c1347d99cacd2fcfe7", size = 416236, upload-time = "2026-06-30T14:21:55.374Z" },
    { url = "https://files.pythonhosted.org/packages/ed/89/526f2b7be7c2e0d72dee52955538f816b7855e20d4a8e092516c13cbef78/python_bidi-0.6.11-cp314-cp314t-manylinux_2_17_s390x.manylinux2014_s390x.whl", hash = "sha256:879c3fba3e7511c7d01020449d970ca7d6a593f20cfc47c014d3d229a38930b2", size = 318604, upload-time = "2026-06-30T14:22:05.574Z" },
    { url = "https://files.pythonhosted.org/packages/67/a7/779464d0a6a96566f77bf8b76ec3d83cefadd8210ac758f4492942192357/python_bidi-0.6.11-cp314-cp314t-manylinux_2_17_x86_64.manylinux2014_x86_64.whl", hash = "sha256:6dc112e2239f69913273cbb0c050ca816b145b32037d4266c430159c5ddcdab2", size = 296857, upload-time = "2026-06-30T14:22:26.36Z" },
    { url = "https://files.pythonhosted.org/packages/8e/bf/cba41041e3a4369be495011bd773aaedefbfef59d6c21e121e61f8ac1e2b/python_bidi-0.6.11-cp314-cp314t-manylinux_2_5_i686.manylinux1_i686.whl", hash = "sha256:19bae96ff1ee76b3a7dc962598b69426538e3021460cf85a4017437548ab6947", size = 313478, upload-time = "2026-06-30T14:22:15.968Z" },
    { url = "https://files.pythonhosted.org/packages/be/88/a4cd8dea27cab1eee8ee33be1ee2a948a7a53d37beb071811d2a0aa328d1/python_bidi-0.6.11-cp314-cp314t-musllinux_1_2_aarch64.whl", hash = "sha256:565d819fddb2bbc58c42ca5c97d73da7567f181115011e8f04c76b9d08378dcd", size = 468573, upload-time = "2026-06-30T14:22:59.11Z" },
    { url = "https://files.pythonhosted.org/packages/a5/f3/9d8954d038e876386bb36fce4f0df61c6cf5b0664e69ab4c1914420d397e/python_bidi-0.6.11-cp314-cp314t-musllinux_1_2_armv7l.whl", hash = "sha256:e6c474618a7b6a50c10007f8a9edb50def6d98d297a07a34dc2fb82c344f2b8b", size = 572916, upload-time = "2026-06-30T14:23:11.277Z" },
    { url = "https://files.pythonhosted.org/packages/ae/02/a5f8763031912748e17e0f0e06e7056b377754c3a084432f6c7f32847acd/python_bidi-0.6.11-cp314-cp314t-musllinux_1_2_i686.whl", hash = "sha256:73c38c604bfc01647c69ce38e5cf8b4206e2ede91ca3eb8e5d79b7409f17e0b3", size = 533968, upload-time = "2026-06-30T14:23:24.072Z" },
    { url = "https://files.pythonhosted.org/packages/fe/5c/823d93e8ea9e05e77eb76eace84ea9879fe876890da616a41077b8c7ffd5/python_bidi-0.6.11-cp314-cp314t-musllinux_1_2_x86_64.whl", hash = "sha256:c26cd9d81f820159026b1c99905ca12bf13892e3f6a9303359fef42fe6f39e50", size = 500671, upload-time = "2026-06-30T14:23:36.907Z" },
    { url = "https://files.pythonhosted.org/packages/a1/00/9d16556d2e0bb4a4b2132fa37fc6235e333c6bf5bccd1375ce0a15ea1db1/python_bidi-0.6.11-cp314-cp314t-win32.whl", hash = "sha256:dfbb9ba8343a60daf4ced67c11d551dafe9a3c94892c326e4c216fa2e6eca802", size = 157355, upload-time = "2026-06-30T14:23:58.321Z" },
    { url = "https://files.pythonhosted.org/packages/9a/b6/13ea093c161da232a6eb534d420fe575ad802b0c8184860fe4f3881fbc08/python_bidi-0.6.11-cp314-cp314t-win_amd64.whl", hash = "sha256:6623683fe39b9fbf508e3069f17e8e9cab26143f9d9f89c8a8f45424c052df4f", size = 161439, upload-time = "2026-06-30T14:23:49.011Z" },
]

[[package]]
name = "rich"
version = "15.0.0"
source = { registry = "https://pypi.org/simple" }
dependencies = [
    { name = "markdown-it-py" },
    { name = "pygments" },
]
sdist = { url = "https://files.pythonhosted.org/packages/c0/8f/0722ca900cc807c13a6a0c696dacf35430f72e0ec571c4275d2371fca3e9/rich-15.0.0.tar.gz", hash = "sha256:edd07a4824c6b40189fb7ac9bc4c52536e9780fbbfbddf6f1e2502c31b068c36", size = 230680, upload-time = "2026-04-12T08:24:00.75Z" }
wheels = [
    { url = "https://files.pythonhosted.org/packages/82/3b/64d4899d73f91ba49a8c18a8ff3f0ea8f1c1d75481760df8c68ef5235bf5/rich-15.0.0-py3-none-any.whl", hash = "sha256:33bd4ef74232fb73fe9279a257718407f169c09b78a87ad3d296f548e27de0bb", size = 310654, upload-time = "2026-04-12T08:24:02.83Z" },
]

[[package]]
name = "shellingham"
version = "1.5.4"
source = { registry = "https://pypi.org/simple" }
sdist = { url = "https://files.pythonhosted.org/packages/58/15/8b3609fd3830ef7b27b655beb4b4e9c62313a4e8da8c676e142cc210d58e/shellingham-1.5.4.tar.gz", hash = "sha256:8dbca0739d487e5bd35ab3ca4b36e11c4078f3a234bfce294b0a0291363404de", size = 10310, upload-time = "2023-10-24T04:13:40.426Z" }
wheels = [
    { url = "https://files.pythonhosted.org/packages/e0/f9/0595336914c5619e5f28a1fb793285925a8cd4b432c9da0a987836c7f822/shellingham-1.5.4-py2.py3-none-any.whl", hash = "sha256:7ecfff8f2fd72616f7481040475a65b2bf8af90a56c89140852d1120324e8686", size = 9755, upload-time = "2023-10-24T04:13:38.866Z" },
]

[[package]]
name = "typer"
version = "0.26.8"
source = { registry = "https://pypi.org/simple" }
dependencies = [
    { name = "annotated-doc" },
    { name = "colorama", marker = "sys_platform == 'win32'" },
    { name = "rich" },
    { name = "shellingham" },
]
sdist = { url = "https://files.pythonhosted.org/packages/7c/f7/68adc395201b20b872d68e975386832e8005ffeacedd43a1d837a32815be/typer-0.26.8.tar.gz", hash = "sha256:c244a6bd558886fe3f8780efb6bdd28bb9aff005a94eedebaa5cb32926fe2f7e", size = 202097, upload-time = "2026-06-26T09:22:45.705Z" }
wheels = [
    { url = "https://files.pythonhosted.org/packages/80/87/b9fd69c92c6102a066e1b86a35243f53e70bd4c709f2a26d9f4fee4f4dc0/typer-0.26.8-py3-none-any.whl", hash = "sha256:3512ca79ac5c11113414b36e80281b872884477722440691c89d1112e321a49c", size = 122564, upload-time = "2026-06-26T09:22:44.72Z" },
]

[[package]]
name = "yt-dlp"
version = "2026.7.4"
source = { registry = "https://pypi.org/simple" }
sdist = { url = "https://files.pythonhosted.org/packages/47/c5/9972af4b472b0d55badf841ebafd2f98944cb0ae0f46e11d01f363ea5b91/yt_dlp-2026.7.4.tar.gz", hash = "sha256:b094813404f87a9dd2186f00815231df32e5fd8a5403be0f807b3bb2d21a4432", size = 3049326, upload-time = "2026-07-04T22:42:14.837Z" }
wheels = [
    { url = "https://files.pythonhosted.org/packages/f9/8a/cd4c9b02c10c563adfe78118310129641900e1cd6de888cfae2452072696/yt_dlp-2026.7.4-py3-none-any.whl", hash = "sha256:f11f2b11d5a8ac4059f9bdf29fa4407dc7c6bb00c5097e95ca22a7a9db518266", size = 3184705, upload-time = "2026-07-04T22:42:12.989Z" },
]

[[package]]
name = "yt-dlp-int"
version = "0.1.0"
source = { editable = "." }
dependencies = [
    { name = "arabic-reshaper" },
    { name = "python-bidi" },
    { name = "rich" },
    { name = "typer" },
    { name = "yt-dlp" },
]

[package.metadata]
requires-dist = [
    { name = "arabic-reshaper", specifier = ">=3.0.1" },
    { name = "python-bidi", specifier = ">=0.6.11" },
    { name = "rich", specifier = ">=13.7.0" },
    { name = "typer", specifier = ">=0.26.8" },
    { name = "yt-dlp", specifier = ">=2026.7.4" },
]
